<?xml version="1.0" encoding="utf-8"?>
<Project ToolsVersion="16.0" xmlns="http://schemas.microsoft.com/developer/msbuild/2003">
  <ItemGroup>
    <CustomBuild Include="E:\interview_project\interview_project\build_debug\CMakeFiles\a5de25f2aac6a3b63a47ef96a7ee895a\generate.stamp.rule">
      <Filter>CMake Rules</Filter>
    </CustomBuild>
  </ItemGroup>
  <ItemGroup>
    <Filter Include="CMake Rules">
      <UniqueIdentifier>{AE9BCAC8-F555-32E3-B438-FAD88BC0A8FB}</UniqueIdentifier>
    </Filter>
  </ItemGroup>
</Project>
